// !$*UTF8*$!
{
	archiveVersion = 1;
	classes = {
	};
	objectVersion = 50;
	objects = {

/* Begin PBXBuildFile section */
		34CCD33CAA08AD770150C9E5 /* Pods_DQSwiftMaster.framework in Frameworks */ = {isa = PBXBuildFile; fileRef = BEE7F19BE5B1244DF64B21E0 /* Pods_DQSwiftMaster.framework */; };
		EE543F8721C8C464000C5EE3 /* AppDelegate.swift in Sources */ = {isa = PBXBuildFile; fileRef = EE543F8621C8C464000C5EE3 /* AppDelegate.swift */; };
		EE543F8921C8C464000C5EE3 /* ViewController.swift in Sources */ = {isa = PBXBuildFile; fileRef = EE543F8821C8C464000C5EE3 /* ViewController.swift */; };
		EE543F8C21C8C464000C5EE3 /* Main.storyboard in Resources */ = {isa = PBXBuildFile; fileRef = EE543F8A21C8C464000C5EE3 /* Main.storyboard */; };
		EE543F8E21C8C466000C5EE3 /* Assets.xcassets in Resources */ = {isa = PBXBuildFile; fileRef = EE543F8D21C8C466000C5EE3 /* Assets.xcassets */; };
		EE543F9121C8C466000C5EE3 /* LaunchScreen.storyboard in Resources */ = {isa = PBXBuildFile; fileRef = EE543F8F21C8C466000C5EE3 /* LaunchScreen.storyboard */; };
		EE543FBF21C8CD59000C5EE3 /* AppDelegate.swift in Sources */ = {isa = PBXBuildFile; fileRef = EE543FBE21C8CD59000C5EE3 /* AppDelegate.swift */; };
		EE543FC121C8CD59000C5EE3 /* ViewController.swift in Sources */ = {isa = PBXBuildFile; fileRef = EE543FC021C8CD59000C5EE3 /* ViewController.swift */; };
		EE543FC421C8CD59000C5EE3 /* Main.storyboard in Resources */ = {isa = PBXBuildFile; fileRef = EE543FC221C8CD59000C5EE3 /* Main.storyboard */; };
		EE543FC621C8CD5D000C5EE3 /* Assets.xcassets in Resources */ = {isa = PBXBuildFile; fileRef = EE543FC521C8CD5D000C5EE3 /* Assets.xcassets */; };
		EE543FC921C8CD5D000C5EE3 /* LaunchScreen.storyboard in Resources */ = {isa = PBXBuildFile; fileRef = EE543FC721C8CD5D000C5EE3 /* LaunchScreen.storyboard */; };
		EE543FD521C8CDB2000C5EE3 /* AppDelegate.swift in Sources */ = {isa = PBXBuildFile; fileRef = EE543FD421C8CDB2000C5EE3 /* AppDelegate.swift */; };
		EE543FD721C8CDB2000C5EE3 /* ViewController.swift in Sources */ = {isa = PBXBuildFile; fileRef = EE543FD621C8CDB2000C5EE3 /* ViewController.swift */; };
		EE543FDA21C8CDB2000C5EE3 /* Main.storyboard in Resources */ = {isa = PBXBuildFile; fileRef = EE543FD821C8CDB2000C5EE3 /* Main.storyboard */; };
		EE543FDC21C8CDB3000C5EE3 /* Assets.xcassets in Resources */ = {isa = PBXBuildFile; fileRef = EE543FDB21C8CDB3000C5EE3 /* Assets.xcassets */; };
		EE543FDF21C8CDB3000C5EE3 /* LaunchScreen.storyboard in Resources */ = {isa = PBXBuildFile; fileRef = EE543FDD21C8CDB3000C5EE3 /* LaunchScreen.storyboard */; };
		EE54400721C8D5FF000C5EE3 /* UIimage+DQAsset.swift in Sources */ = {isa = PBXBuildFile; fileRef = EE54400621C8D5FF000C5EE3 /* UIimage+DQAsset.swift */; };
/* End PBXBuildFile section */

/* Begin PBXFileReference section */
		767BBF72946253D1150C7B6F /* Pods-DQSwiftMaster.release.xcconfig */ = {isa = PBXFileReference; includeInIndex = 1; lastKnownFileType = text.xcconfig; name = "Pods-DQSwiftMaster.release.xcconfig"; path = "Pods/Target Support Files/Pods-DQSwiftMaster/Pods-DQSwiftMaster.release.xcconfig"; sourceTree = "<group>"; };
		9E154AE314F16F270AD209A2 /* Pods-DQSwiftMaster.debug.xcconfig */ = {isa = PBXFileReference; includeInIndex = 1; lastKnownFileType = text.xcconfig; name = "Pods-DQSwiftMaster.debug.xcconfig"; path = "Pods/Target Support Files/Pods-DQSwiftMaster/Pods-DQSwiftMaster.debug.xcconfig"; sourceTree = "<group>"; };
		BEE7F19BE5B1244DF64B21E0 /* Pods_DQSwiftMaster.framework */ = {isa = PBXFileReference; explicitFileType = wrapper.framework; includeInIndex = 0; path = Pods_DQSwiftMaster.framework; sourceTree = BUILT_PRODUCTS_DIR; };
		EE543F8321C8C464000C5EE3 /* DQSwiftMaster.app */ = {isa = PBXFileReference; explicitFileType = wrapper.application; includeInIndex = 0; path = DQSwiftMaster.app; sourceTree = BUILT_PRODUCTS_DIR; };
		EE543F8621C8C464000C5EE3 /* AppDelegate.swift */ = {isa = PBXFileReference; lastKnownFileType = sourcecode.swift; path = AppDelegate.swift; sourceTree = "<group>"; };
		EE543F8821C8C464000C5EE3 /* ViewController.swift */ = {isa = PBXFileReference; lastKnownFileType = sourcecode.swift; path = ViewController.swift; sourceTree = "<group>"; };
		EE543F8B21C8C464000C5EE3 /* Base */ = {isa = PBXFileReference; lastKnownFileType = file.storyboard; name = Base; path = Base.lproj/Main.storyboard; sourceTree = "<group>"; };
		EE543F8D21C8C466000C5EE3 /* Assets.xcassets */ = {isa = PBXFileReference; lastKnownFileType = folder.assetcatalog; path = Assets.xcassets; sourceTree = "<group>"; };
		EE543F9021C8C466000C5EE3 /* Base */ = {isa = PBXFileReference; lastKnownFileType = file.storyboard; name = Base; path = Base.lproj/LaunchScreen.storyboard; sourceTree = "<group>"; };
		EE543F9221C8C466000C5EE3 /* Info.plist */ = {isa = PBXFileReference; lastKnownFileType = text.plist.xml; path = Info.plist; sourceTree = "<group>"; };
		EE543FBC21C8CD59000C5EE3 /* DesignPatterns.app */ = {isa = PBXFileReference; explicitFileType = wrapper.application; includeInIndex = 0; path = DesignPatterns.app; sourceTree = BUILT_PRODUCTS_DIR; };
		EE543FBE21C8CD59000C5EE3 /* AppDelegate.swift */ = {isa = PBXFileReference; lastKnownFileType = sourcecode.swift; path = AppDelegate.swift; sourceTree = "<group>"; };
		EE543FC021C8CD59000C5EE3 /* ViewController.swift */ = {isa = PBXFileReference; lastKnownFileType = sourcecode.swift; path = ViewController.swift; sourceTree = "<group>"; };
		EE543FC321C8CD59000C5EE3 /* Base */ = {isa = PBXFileReference; lastKnownFileType = file.storyboard; name = Base; path = Base.lproj/Main.storyboard; sourceTree = "<group>"; };
		EE543FC521C8CD5D000C5EE3 /* Assets.xcassets */ = {isa = PBXFileReference; lastKnownFileType = folder.assetcatalog; path = Assets.xcassets; sourceTree = "<group>"; };
		EE543FC821C8CD5D000C5EE3 /* Base */ = {isa = PBXFileReference; lastKnownFileType = file.storyboard; name = Base; path = Base.lproj/LaunchScreen.storyboard; sourceTree = "<group>"; };
		EE543FCA21C8CD5D000C5EE3 /* Info.plist */ = {isa = PBXFileReference; lastKnownFileType = text.plist.xml; path = Info.plist; sourceTree = "<group>"; };
		EE543FD221C8CDB2000C5EE3 /* DQModule.app */ = {isa = PBXFileReference; explicitFileType = wrapper.application; includeInIndex = 0; path = DQModule.app; sourceTree = BUILT_PRODUCTS_DIR; };
		EE543FD421C8CDB2000C5EE3 /* AppDelegate.swift */ = {isa = PBXFileReference; lastKnownFileType = sourcecode.swift; path = AppDelegate.swift; sourceTree = "<group>"; };
		EE543FD621C8CDB2000C5EE3 /* ViewController.swift */ = {isa = PBXFileReference; lastKnownFileType = sourcecode.swift; path = ViewController.swift; sourceTree = "<group>"; };
		EE543FD921C8CDB2000C5EE3 /* Base */ = {isa = PBXFileReference; lastKnownFileType = file.storyboard; name = Base; path = Base.lproj/Main.storyboard; sourceTree = "<group>"; };
		EE543FDB21C8CDB3000C5EE3 /* Assets.xcassets */ = {isa = PBXFileReference; lastKnownFileType = folder.assetcatalog; path = Assets.xcassets; sourceTree = "<group>"; };
		EE543FDE21C8CDB3000C5EE3 /* Base */ = {isa = PBXFileReference; lastKnownFileType = file.storyboard; name = Base; path = Base.lproj/LaunchScreen.storyboard; sourceTree = "<group>"; };
		EE543FE021C8CDB3000C5EE3 /* Info.plist */ = {isa = PBXFileReference; lastKnownFileType = text.plist.xml; path = Info.plist; sourceTree = "<group>"; };
		EE54400621C8D5FF000C5EE3 /* UIimage+DQAsset.swift */ = {isa = PBXFileReference; lastKnownFileType = sourcecode.swift; path = "UIimage+DQAsset.swift"; sourceTree = "<group>"; };
/* End PBXFileReference section */

/* Begin PBXFrameworksBuildPhase section */
		EE543F8021C8C464000C5EE3 /* Frameworks */ = {
			isa = PBXFrameworksBuildPhase;
			buildActionMask = 2147483647;
			files = (
				34CCD33CAA08AD770150C9E5 /* Pods_DQSwiftMaster.framework in Frameworks */,
			);
			runOnlyForDeploymentPostprocessing = 0;
		};
		EE543FB921C8CD59000C5EE3 /* Frameworks */ = {
			isa = PBXFrameworksBuildPhase;
			buildActionMask = 2147483647;
			files = (
			);
			runOnlyForDeploymentPostprocessing = 0;
		};
		EE543FCF21C8CDB2000C5EE3 /* Frameworks */ = {
			isa = PBXFrameworksBuildPhase;
			buildActionMask = 2147483647;
			files = (
			);
			runOnlyForDeploymentPostprocessing = 0;
		};
/* End PBXFrameworksBuildPhase section */

/* Begin PBXGroup section */
		7C78C895643D2979A5BC40B1 /* Pods */ = {
			isa = PBXGroup;
			children = (
				9E154AE314F16F270AD209A2 /* Pods-DQSwiftMaster.debug.xcconfig */,
				767BBF72946253D1150C7B6F /* Pods-DQSwiftMaster.release.xcconfig */,
			);
			name = Pods;
			sourceTree = "<group>";
		};
		94BAE81EDD2F47E55CA3498C /* Frameworks */ = {
			isa = PBXGroup;
			children = (
				BEE7F19BE5B1244DF64B21E0 /* Pods_DQSwiftMaster.framework */,
			);
			name = Frameworks;
			sourceTree = "<group>";
		};
		EE543F7A21C8C464000C5EE3 = {
			isa = PBXGroup;
			children = (
				EE543F8521C8C464000C5EE3 /* DQSwiftMaster */,
				EE543FBD21C8CD59000C5EE3 /* DesignPatterns */,
				EE543FD321C8CDB2000C5EE3 /* DQModule */,
				EE543F8421C8C464000C5EE3 /* Products */,
				7C78C895643D2979A5BC40B1 /* Pods */,
				94BAE81EDD2F47E55CA3498C /* Frameworks */,
			);
			sourceTree = "<group>";
		};
		EE543F8421C8C464000C5EE3 /* Products */ = {
			isa = PBXGroup;
			children = (
				EE543F8321C8C464000C5EE3 /* DQSwiftMaster.app */,
				EE543FBC21C8CD59000C5EE3 /* DesignPatterns.app */,
				EE543FD221C8CDB2000C5EE3 /* DQModule.app */,
			);
			name = Products;
			sourceTree = "<group>";
		};
		EE543F8521C8C464000C5EE3 /* DQSwiftMaster */ = {
			isa = PBXGroup;
			children = (
				EE543F9C21C8CBBB000C5EE3 /* Classes */,
				EE543FB721C8CBBB000C5EE3 /* Macro */,
				EE543FB621C8CBBB000C5EE3 /* Tabbar */,
				EE543F9B21C8CBBB000C5EE3 /* Tools */,
				EE543F9A21C8CBBB000C5EE3 /* Vendor */,
				EE543F8621C8C464000C5EE3 /* AppDelegate.swift */,
				EE543F8821C8C464000C5EE3 /* ViewController.swift */,
				EE543F8A21C8C464000C5EE3 /* Main.storyboard */,
				EE543F8D21C8C466000C5EE3 /* Assets.xcassets */,
				EE543F8F21C8C466000C5EE3 /* LaunchScreen.storyboard */,
				EE543F9221C8C466000C5EE3 /* Info.plist */,
			);
			path = DQSwiftMaster;
			sourceTree = "<group>";
		};
		EE543F9A21C8CBBB000C5EE3 /* Vendor */ = {
			isa = PBXGroup;
			children = (
			);
			path = Vendor;
			sourceTree = "<group>";
		};
		EE543F9B21C8CBBB000C5EE3 /* Tools */ = {
			isa = PBXGroup;
			children = (
				EE54400621C8D5FF000C5EE3 /* UIimage+DQAsset.swift */,
			);
			path = Tools;
			sourceTree = "<group>";
		};
		EE543F9C21C8CBBB000C5EE3 /* Classes */ = {
			isa = PBXGroup;
			children = (
				EE543F9D21C8CBBB000C5EE3 /* Fifth */,
				EE543FA221C8CBBB000C5EE3 /* Fourth */,
				EE543FA721C8CBBB000C5EE3 /* Home */,
				EE543FAC21C8CBBB000C5EE3 /* Second */,
				EE543FB121C8CBBB000C5EE3 /* Third */,
			);
			path = Classes;
			sourceTree = "<group>";
		};
		EE543F9D21C8CBBB000C5EE3 /* Fifth */ = {
			isa = PBXGroup;
			children = (
				EE543F9E21C8CBBB000C5EE3 /* C */,
				EE543F9F21C8CBBB000C5EE3 /* M */,
				EE543FA021C8CBBB000C5EE3 /* S */,
				EE543FA121C8CBBB000C5EE3 /* V */,
			);
			path = Fifth;
			sourceTree = "<group>";
		};
		EE543F9E21C8CBBB000C5EE3 /* C */ = {
			isa = PBXGroup;
			children = (
			);
			path = C;
			sourceTree = "<group>";
		};
		EE543F9F21C8CBBB000C5EE3 /* M */ = {
			isa = PBXGroup;
			children = (
			);
			path = M;
			sourceTree = "<group>";
		};
		EE543FA021C8CBBB000C5EE3 /* S */ = {
			isa = PBXGroup;
			children = (
			);
			path = S;
			sourceTree = "<group>";
		};
		EE543FA121C8CBBB000C5EE3 /* V */ = {
			isa = PBXGroup;
			children = (
			);
			path = V;
			sourceTree = "<group>";
		};
		EE543FA221C8CBBB000C5EE3 /* Fourth */ = {
			isa = PBXGroup;
			children = (
				EE543FA321C8CBBB000C5EE3 /* C */,
				EE543FA421C8CBBB000C5EE3 /* M */,
				EE543FA521C8CBBB000C5EE3 /* S */,
				EE543FA621C8CBBB000C5EE3 /* V */,
			);
			path = Fourth;
			sourceTree = "<group>";
		};
		EE543FA321C8CBBB000C5EE3 /* C */ = {
			isa = PBXGroup;
			children = (
			);
			path = C;
			sourceTree = "<group>";
		};
		EE543FA421C8CBBB000C5EE3 /* M */ = {
			isa = PBXGroup;
			children = (
			);
			path = M;
			sourceTree = "<group>";
		};
		EE543FA521C8CBBB000C5EE3 /* S */ = {
			isa = PBXGroup;
			children = (
			);
			path = S;
			sourceTree = "<group>";
		};
		EE543FA621C8CBBB000C5EE3 /* V */ = {
			isa = PBXGroup;
			children = (
			);
			path = V;
			sourceTree = "<group>";
		};
		EE543FA721C8CBBB000C5EE3 /* Home */ = {
			isa = PBXGroup;
			children = (
				EE543FA821C8CBBB000C5EE3 /* C */,
				EE543FA921C8CBBB000C5EE3 /* M */,
				EE543FAA21C8CBBB000C5EE3 /* S */,
				EE543FAB21C8CBBB000C5EE3 /* V */,
			);
			path = Home;
			sourceTree = "<group>";
		};
		EE543FA821C8CBBB000C5EE3 /* C */ = {
			isa = PBXGroup;
			children = (
			);
			path = C;
			sourceTree = "<group>";
		};
		EE543FA921C8CBBB000C5EE3 /* M */ = {
			isa = PBXGroup;
			children = (
			);
			path = M;
			sourceTree = "<group>";
		};
		EE543FAA21C8CBBB000C5EE3 /* S */ = {
			isa = PBXGroup;
			children = (
			);
			path = S;
			sourceTree = "<group>";
		};
		EE543FAB21C8CBBB000C5EE3 /* V */ = {
			isa = PBXGroup;
			children = (
			);
			path = V;
			sourceTree = "<group>";
		};
		EE543FAC21C8CBBB000C5EE3 /* Second */ = {
			isa = PBXGroup;
			children = (
				EE543FAD21C8CBBB000C5EE3 /* C */,
				EE543FAE21C8CBBB000C5EE3 /* M */,
				EE543FAF21C8CBBB000C5EE3 /* S */,
				EE543FB021C8CBBB000C5EE3 /* V */,
			);
			path = Second;
			sourceTree = "<group>";
		};
		EE543FAD21C8CBBB000C5EE3 /* C */ = {
			isa = PBXGroup;
			children = (
			);
			path = C;
			sourceTree = "<group>";
		};
		EE543FAE21C8CBBB000C5EE3 /* M */ = {
			isa = PBXGroup;
			children = (
			);
			path = M;
			sourceTree = "<group>";
		};
		EE543FAF21C8CBBB000C5EE3 /* S */ = {
			isa = PBXGroup;
			children = (
			);
			path = S;
			sourceTree = "<group>";
		};
		EE543FB021C8CBBB000C5EE3 /* V */ = {
			isa = PBXGroup;
			children = (
			);
			path = V;
			sourceTree = "<group>";
		};
		EE543FB121C8CBBB000C5EE3 /* Third */ = {
			isa = PBXGroup;
			children = (
				EE543FB221C8CBBB000C5EE3 /* C */,
				EE543FB321C8CBBB000C5EE3 /* M */,
				EE543FB421C8CBBB000C5EE3 /* S */,
				EE543FB521C8CBBB000C5EE3 /* V */,
			);
			path = Third;
			sourceTree = "<group>";
		};
		EE543FB221C8CBBB000C5EE3 /* C */ = {
			isa = PBXGroup;
			children = (
			);
			path = C;
			sourceTree = "<group>";
		};
		EE543FB321C8CBBB000C5EE3 /* M */ = {
			isa = PBXGroup;
			children = (
			);
			path = M;
			sourceTree = "<group>";
		};
		EE543FB421C8CBBB000C5EE3 /* S */ = {
			isa = PBXGroup;
			children = (
			);
			path = S;
			sourceTree = "<group>";
		};
		EE543FB521C8CBBB000C5EE3 /* V */ = {
			isa = PBXGroup;
			children = (
			);
			path = V;
			sourceTree = "<group>";
		};
		EE543FB621C8CBBB000C5EE3 /* Tabbar */ = {
			isa = PBXGroup;
			children = (
			);
			path = Tabbar;
			sourceTree = "<group>";
		};
		EE543FB721C8CBBB000C5EE3 /* Macro */ = {
			isa = PBXGroup;
			children = (
			);
			path = Macro;
			sourceTree = "<group>";
		};
		EE543FBD21C8CD59000C5EE3 /* DesignPatterns */ = {
			isa = PBXGroup;
			children = (
				EE543FBE21C8CD59000C5EE3 /* AppDelegate.swift */,
				EE543FC021C8CD59000C5EE3 /* ViewController.swift */,
				EE543FC221C8CD59000C5EE3 /* Main.storyboard */,
				EE543FC521C8CD5D000C5EE3 /* Assets.xcassets */,
				EE543FC721C8CD5D000C5EE3 /* LaunchScreen.storyboard */,
				EE543FCA21C8CD5D000C5EE3 /* Info.plist */,
			);
			path = DesignPatterns;
			sourceTree = "<group>";
		};
		EE543FD321C8CDB2000C5EE3 /* DQModule */ = {
			isa = PBXGroup;
			children = (
				EE543FD421C8CDB2000C5EE3 /* AppDelegate.swift */,
				EE543FD621C8CDB2000C5EE3 /* ViewController.swift */,
				EE543FD821C8CDB2000C5EE3 /* Main.storyboard */,
				EE543FDB21C8CDB3000C5EE3 /* Assets.xcassets */,
				EE543FDD21C8CDB3000C5EE3 /* LaunchScreen.storyboard */,
				EE543FE021C8CDB3000C5EE3 /* Info.plist */,
			);
			path = DQModule;
			sourceTree = "<group>";
		};
/* End PBXGroup section */

/* Begin PBXNativeTarget section */
		EE543F8221C8C464000C5EE3 /* DQSwiftMaster */ = {
			isa = PBXNativeTarget;
			buildConfigurationList = EE543F9521C8C466000C5EE3 /* Build configuration list for PBXNativeTarget "DQSwiftMaster" */;
			buildPhases = (
				7FE84A29DFFFA35373196E0F /* [CP] Check Pods Manifest.lock */,
				EE543F7F21C8C464000C5EE3 /* Sources */,
				EE543F8021C8C464000C5EE3 /* Frameworks */,
				EE543F8121C8C464000C5EE3 /* Resources */,
				9EBE9DA45C6BB6E04C4FE887 /* [CP] Embed Pods Frameworks */,
			);
			buildRules = (
			);
			dependencies = (
			);
			name = DQSwiftMaster;
			productName = DQSwiftMaster;
			productReference = EE543F8321C8C464000C5EE3 /* DQSwiftMaster.app */;
			productType = "com.apple.product-type.application";
		};
		EE543FBB21C8CD59000C5EE3 /* DesignPatterns */ = {
			isa = PBXNativeTarget;
			buildConfigurationList = EE543FCB21C8CD5D000C5EE3 /* Build configuration list for PBXNativeTarget "DesignPatterns" */;
			buildPhases = (
				EE543FB821C8CD59000C5EE3 /* Sources */,
				EE543FB921C8CD59000C5EE3 /* Frameworks */,
				EE543FBA21C8CD59000C5EE3 /* Resources */,
			);
			buildRules = (
			);
			dependencies = (
			);
			name = DesignPatterns;
			productName = DesignPatterns;
			productReference = EE543FBC21C8CD59000C5EE3 /* DesignPatterns.app */;
			productType = "com.apple.product-type.application";
		};
		EE543FD121C8CDB2000C5EE3 /* DQModule */ = {
			isa = PBXNativeTarget;
			buildConfigurationList = EE543FE121C8CDB3000C5EE3 /* Build configuration list for PBXNativeTarget "DQModule" */;
			buildPhases = (
				EE543FCE21C8CDB2000C5EE3 /* Sources */,
				EE543FCF21C8CDB2000C5EE3 /* Frameworks */,
				EE543FD021C8CDB2000C5EE3 /* Resources */,
			);
			buildRules = (
			);
			dependencies = (
			);
			name = DQModule;
			productName = DQModule;
			productReference = EE543FD221C8CDB2000C5EE3 /* DQModule.app */;
			productType = "com.apple.product-type.application";
		};
/* End PBXNativeTarget section */

/* Begin PBXProject section */
		EE543F7B21C8C464000C5EE3 /* Project object */ = {
			isa = PBXProject;
			attributes = {
				LastSwiftUpdateCheck = 1010;
				LastUpgradeCheck = 1010;
				ORGANIZATIONNAME = deqing;
				TargetAttributes = {
					EE543F8221C8C464000C5EE3 = {
						CreatedOnToolsVersion = 10.1;
					};
					EE543FBB21C8CD59000C5EE3 = {
						CreatedOnToolsVersion = 10.1;
					};
					EE543FD121C8CDB2000C5EE3 = {
						CreatedOnToolsVersion = 10.1;
					};
				};
			};
			buildConfigurationList = EE543F7E21C8C464000C5EE3 /* Build configuration list for PBXProject "DQSwiftMaster" */;
			compatibilityVersion = "Xcode 9.3";
			developmentRegion = en;
			hasScannedForEncodings = 0;
			knownRegions = (
				en,
				Base,
			);
			mainGroup = EE543F7A21C8C464000C5EE3;
			productRefGroup = EE543F8421C8C464000C5EE3 /* Products */;
			projectDirPath = "";
			projectRoot = "";
			targets = (
				EE543F8221C8C464000C5EE3 /* DQSwiftMaster */,
				EE543FBB21C8CD59000C5EE3 /* DesignPatterns */,
				EE543FD121C8CDB2000C5EE3 /* DQModule */,
			);
		};
/* End PBXProject section */

/* Begin PBXResourcesBuildPhase section */
		EE543F8121C8C464000C5EE3 /* Resources */ = {
			isa = PBXResourcesBuildPhase;
			buildActionMask = 2147483647;
			files = (
				EE543F9121C8C466000C5EE3 /* LaunchScreen.storyboard in Resources */,
				EE543F8E21C8C466000C5EE3 /* Assets.xcassets in Resources */,
				EE543F8C21C8C464000C5EE3 /* Main.storyboard in Resources */,
			);
			runOnlyForDeploymentPostprocessing = 0;
		};
		EE543FBA21C8CD59000C5EE3 /* Resources */ = {
			isa = PBXResourcesBuildPhase;
			buildActionMask = 2147483647;
			files = (
				EE543FC921C8CD5D000C5EE3 /* LaunchScreen.storyboard in Resources */,
				EE543FC621C8CD5D000C5EE3 /* Assets.xcassets in Resources */,
				EE543FC421C8CD59000C5EE3 /* Main.storyboard in Resources */,
			);
			runOnlyForDeploymentPostprocessing = 0;
		};
		EE543FD021C8CDB2000C5EE3 /* Resources */ = {
			isa = PBXResourcesBuildPhase;
			buildActionMask = 2147483647;
			files = (
				EE543FDF21C8CDB3000C5EE3 /* LaunchScreen.storyboard in Resources */,
				EE543FDC21C8CDB3000C5EE3 /* Assets.xcassets in Resources */,
				EE543FDA21C8CDB2000C5EE3 /* Main.storyboard in Resources */,
			);
			runOnlyForDeploymentPostprocessing = 0;
		};
/* End PBXResourcesBuildPhase section */

/* Begin PBXShellScriptBuildPhase section */
		7FE84A29DFFFA35373196E0F /* [CP] Check Pods Manifest.lock */ = {
			isa = PBXShellScriptBuildPhase;
			buildActionMask = 2147483647;
			files = (
			);
			inputFileListPaths = (
			);
			inputPaths = (
				"${PODS_PODFILE_DIR_PATH}/Podfile.lock",
				"${PODS_ROOT}/Manifest.lock",
			);
			name = "[CP] Check Pods Manifest.lock";
			outputFileListPaths = (
			);
			outputPaths = (
				"$(DERIVED_FILE_DIR)/Pods-DQSwiftMaster-checkManifestLockResult.txt",
			);
			runOnlyForDeploymentPostprocessing = 0;
			shellPath = /bin/sh;
			shellScript = "diff \"${PODS_PODFILE_DIR_PATH}/Podfile.lock\" \"${PODS_ROOT}/Manifest.lock\" > /dev/null\nif [ $? != 0 ] ; then\n    # print error to STDERR\n    echo \"error: The sandbox is not in sync with the Podfile.lock. Run 'pod install' or update your CocoaPods installation.\" >&2\n    exit 1\nfi\n# This output is used by Xcode 'outputs' to avoid re-running this script phase.\necho \"SUCCESS\" > \"${SCRIPT_OUTPUT_FILE_0}\"\n";
			showEnvVarsInLog = 0;
		};
		9EBE9DA45C6BB6E04C4FE887 /* [CP] Embed Pods Frameworks */ = {
			isa = PBXShellScriptBuildPhase;
			buildActionMask = 2147483647;
			files = (
			);
			inputFileListPaths = (
			);
			inputPaths = (
				"${SRCROOT}/Pods/Target Support Files/Pods-DQSwiftMaster/Pods-DQSwiftMaster-frameworks.sh",
				"${BUILT_PRODUCTS_DIR}/Alamofire/Alamofire.framework",
				"${BUILT_PRODUCTS_DIR}/Cent/Cent.framework",
				"${BUILT_PRODUCTS_DIR}/Dollar/Dollar.framework",
				"${BUILT_PRODUCTS_DIR}/INTULocationManager/INTULocationManager.framework",
				"${BUILT_PRODUCTS_DIR}/ImagePicker/ImagePicker.framework",
				"${BUILT_PRODUCTS_DIR}/KeychainAccess/KeychainAccess.framework",
				"${BUILT_PRODUCTS_DIR}/Kingfisher/Kingfisher.framework",
				"${BUILT_PRODUCTS_DIR}/ObjcExceptionBridging/ObjcExceptionBridging.framework",
				"${BUILT_PRODUCTS_DIR}/ObjectMapper/ObjectMapper.framework",
				"${BUILT_PRODUCTS_DIR}/RxAtomic/RxAtomic.framework",
				"${BUILT_PRODUCTS_DIR}/RxBlocking/RxBlocking.framework",
				"${BUILT_PRODUCTS_DIR}/RxCocoa/RxCocoa.framework",
				"${BUILT_PRODUCTS_DIR}/RxSwift/RxSwift.framework",
				"${BUILT_PRODUCTS_DIR}/SVProgressHUD/SVProgressHUD.framework",
				"${BUILT_PRODUCTS_DIR}/SnapKit/SnapKit.framework",
				"${BUILT_PRODUCTS_DIR}/SwiftyJSON/SwiftyJSON.framework",
				"${BUILT_PRODUCTS_DIR}/TSVoiceConverter/TSVoiceConverter.framework",
				"${BUILT_PRODUCTS_DIR}/TimedSilver/TimedSilver.framework",
				"${BUILT_PRODUCTS_DIR}/UIColor_Hex_Swift/UIColor_Hex_Swift.framework",
				"${BUILT_PRODUCTS_DIR}/XCGLogger/XCGLogger.framework",
				"${BUILT_PRODUCTS_DIR}/XLActionController/XLActionController.framework",
				"${BUILT_PRODUCTS_DIR}/YYText/YYText.framework",
			);
			name = "[CP] Embed Pods Frameworks";
			outputFileListPaths = (
			);
			outputPaths = (
				"${TARGET_BUILD_DIR}/${FRAMEWORKS_FOLDER_PATH}/Alamofire.framework",
				"${TARGET_BUILD_DIR}/${FRAMEWORKS_FOLDER_PATH}/Cent.framework",
				"${TARGET_BUILD_DIR}/${FRAMEWORKS_FOLDER_PATH}/Dollar.framework",
				"${TARGET_BUILD_DIR}/${FRAMEWORKS_FOLDER_PATH}/INTULocationManager.framework",
				"${TARGET_BUILD_DIR}/${FRAMEWORKS_FOLDER_PATH}/ImagePicker.framework",
				"${TARGET_BUILD_DIR}/${FRAMEWORKS_FOLDER_PATH}/KeychainAccess.framework",
				"${TARGET_BUILD_DIR}/${FRAMEWORKS_FOLDER_PATH}/Kingfisher.framework",
				"${TARGET_BUILD_DIR}/${FRAMEWORKS_FOLDER_PATH}/ObjcExceptionBridging.framework",
				"${TARGET_BUILD_DIR}/${FRAMEWORKS_FOLDER_PATH}/ObjectMapper.framework",
				"${TARGET_BUILD_DIR}/${FRAMEWORKS_FOLDER_PATH}/RxAtomic.framework",
				"${TARGET_BUILD_DIR}/${FRAMEWORKS_FOLDER_PATH}/RxBlocking.framework",
				"${TARGET_BUILD_DIR}/${FRAMEWORKS_FOLDER_PATH}/RxCocoa.framework",
				"${TARGET_BUILD_DIR}/${FRAMEWORKS_FOLDER_PATH}/RxSwift.framework",
				"${TARGET_BUILD_DIR}/${FRAMEWORKS_FOLDER_PATH}/SVProgressHUD.framework",
				"${TARGET_BUILD_DIR}/${FRAMEWORKS_FOLDER_PATH}/SnapKit.framework",
				"${TARGET_BUILD_DIR}/${FRAMEWORKS_FOLDER_PATH}/SwiftyJSON.framework",
				"${TARGET_BUILD_DIR}/${FRAMEWORKS_FOLDER_PATH}/TSVoiceConverter.framework",
				"${TARGET_BUILD_DIR}/${FRAMEWORKS_FOLDER_PATH}/TimedSilver.framework",
				"${TARGET_BUILD_DIR}/${FRAMEWORKS_FOLDER_PATH}/UIColor_Hex_Swift.framework",
				"${TARGET_BUILD_DIR}/${FRAMEWORKS_FOLDER_PATH}/XCGLogger.framework",
				"${TARGET_BUILD_DIR}/${FRAMEWORKS_FOLDER_PATH}/XLActionController.framework",
				"${TARGET_BUILD_DIR}/${FRAMEWORKS_FOLDER_PATH}/YYText.framework",
			);
			runOnlyForDeploymentPostprocessing = 0;
			shellPath = /bin/sh;
			shellScript = "\"${SRCROOT}/Pods/Target Support Files/Pods-DQSwiftMaster/Pods-DQSwiftMaster-frameworks.sh\"\n";
			showEnvVarsInLog = 0;
		};
/* End PBXShellScriptBuildPhase section */

/* Begin PBXSourcesBuildPhase section */
		EE543F7F21C8C464000C5EE3 /* Sources */ = {
			isa = PBXSourcesBuildPhase;
			buildActionMask = 2147483647;
			files = (
				EE54400721C8D5FF000C5EE3 /* UIimage+DQAsset.swift in Sources */,
				EE543F8921C8C464000C5EE3 /* ViewController.swift in Sources */,
				EE543F8721C8C464000C5EE3 /* AppDelegate.swift in Sources */,
			);
			runOnlyForDeploymentPostprocessing = 0;
		};
		EE543FB821C8CD59000C5EE3 /* Sources */ = {
			isa = PBXSourcesBuildPhase;
			buildActionMask = 2147483647;
			files = (
				EE543FC121C8CD59000C5EE3 /* ViewController.swift in Sources */,
				EE543FBF21C8CD59000C5EE3 /* AppDelegate.swift in Sources */,
			);
			runOnlyForDeploymentPostprocessing = 0;
		};
		EE543FCE21C8CDB2000C5EE3 /* Sources */ = {
			isa = PBXSourcesBuildPhase;
			buildActionMask = 2147483647;
			files = (
				EE543FD721C8CDB2000C5EE3 /* ViewController.swift in Sources */,
				EE543FD521C8CDB2000C5EE3 /* AppDelegate.swift in Sources */,
			);
			runOnlyForDeploymentPostprocessing = 0;
		};
/* End PBXSourcesBuildPhase section */

/* Begin PBXVariantGroup section */
		EE543F8A21C8C464000C5EE3 /* Main.storyboard */ = {
			isa = PBXVariantGroup;
			children = (
				EE543F8B21C8C464000C5EE3 /* Base */,
			);
			name = Main.storyboard;
			sourceTree = "<group>";
		};
		EE543F8F21C8C466000C5EE3 /* LaunchScreen.storyboard */ = {
			isa = PBXVariantGroup;
			children = (
				EE543F9021C8C466000C5EE3 /* Base */,
			);
			name = LaunchScreen.storyboard;
			sourceTree = "<group>";
		};
		EE543FC221C8CD59000C5EE3 /* Main.storyboard */ = {
			isa = PBXVariantGroup;
			children = (
				EE543FC321C8CD59000C5EE3 /* Base */,
			);
			name = Main.storyboard;
			sourceTree = "<group>";
		};
		EE543FC721C8CD5D000C5EE3 /* LaunchScreen.storyboard */ = {
			isa = PBXVariantGroup;
			children = (
				EE543FC821C8CD5D000C5EE3 /* Base */,
			);
			name = LaunchScreen.storyboard;
			sourceTree = "<group>";
		};
		EE543FD821C8CDB2000C5EE3 /* Main.storyboard */ = {
			isa = PBXVariantGroup;
			children = (
				EE543FD921C8CDB2000C5EE3 /* Base */,
			);
			name = Main.storyboard;
			sourceTree = "<group>";
		};
		EE543FDD21C8CDB3000C5EE3 /* LaunchScreen.storyboard */ = {
			isa = PBXVariantGroup;
			children = (
				EE543FDE21C8CDB3000C5EE3 /* Base */,
			);
			name = LaunchScreen.storyboard;
			sourceTree = "<group>";
		};
/* End PBXVariantGroup section */

/* Begin XCBuildConfiguration section */
		EE543F9321C8C466000C5EE3 /* Debug */ = {
			isa = XCBuildConfiguration;
			buildSettings = {
				ALWAYS_SEARCH_USER_PATHS = NO;
				CLANG_ANALYZER_NONNULL = YES;
				CLANG_ANALYZER_NUMBER_OBJECT_CONVERSION = YES_AGGRESSIVE;
				CLANG_CXX_LANGUAGE_STANDARD = "gnu++14";
				CLANG_CXX_LIBRARY = "libc++";
				CLANG_ENABLE_MODULES = YES;
				CLANG_ENABLE_OBJC_ARC = YES;
				CLANG_ENABLE_OBJC_WEAK = YES;
				CLANG_WARN_BLOCK_CAPTURE_AUTORELEASING = YES;
				CLANG_WARN_BOOL_CONVERSION = YES;
				CLANG_WARN_COMMA = YES;
				CLANG_WARN_CONSTANT_CONVERSION = YES;
				CLANG_WARN_DEPRECATED_OBJC_IMPLEMENTATIONS = YES;
				CLANG_WARN_DIRECT_OBJC_ISA_USAGE = YES_ERROR;
				CLANG_WARN_DOCUMENTATION_COMMENTS = YES;
				CLANG_WARN_EMPTY_BODY = YES;
				CLANG_WARN_ENUM_CONVERSION = YES;
				CLANG_WARN_INFINITE_RECURSION = YES;
				CLANG_WARN_INT_CONVERSION = YES;
				CLANG_WARN_NON_LITERAL_NULL_CONVERSION = YES;
				CLANG_WARN_OBJC_IMPLICIT_RETAIN_SELF = YES;
				CLANG_WARN_OBJC_LITERAL_CONVERSION = YES;
				CLANG_WARN_OBJC_ROOT_CLASS = YES_ERROR;
				CLANG_WARN_RANGE_LOOP_ANALYSIS = YES;
				CLANG_WARN_STRICT_PROTOTYPES = YES;
				CLANG_WARN_SUSPICIOUS_MOVE = YES;
				CLANG_WARN_UNGUARDED_AVAILABILITY = YES_AGGRESSIVE;
				CLANG_WARN_UNREACHABLE_CODE = YES;
				CLANG_WARN__DUPLICATE_METHOD_MATCH = YES;
				CODE_SIGN_IDENTITY = "iPhone Developer";
				COPY_PHASE_STRIP = NO;
				DEBUG_INFORMATION_FORMAT = dwarf;
				ENABLE_STRICT_OBJC_MSGSEND = YES;
				ENABLE_TESTABILITY = YES;
				GCC_C_LANGUAGE_STANDARD = gnu11;
				GCC_DYNAMIC_NO_PIC = NO;
				GCC_NO_COMMON_BLOCKS = YES;
				GCC_OPTIMIZATION_LEVEL = 0;
				GCC_PREPROCESSOR_DEFINITIONS = (
					"DEBUG=1",
					"$(inherited)",
				);
				GCC_WARN_64_TO_32_BIT_CONVERSION = YES;
				GCC_WARN_ABOUT_RETURN_TYPE = YES_ERROR;
				GCC_WARN_UNDECLARED_SELECTOR = YES;
				GCC_WARN_UNINITIALIZED_AUTOS = YES_AGGRESSIVE;
				GCC_WARN_UNUSED_FUNCTION = YES;
				GCC_WARN_UNUSED_VARIABLE = YES;
				IPHONEOS_DEPLOYMENT_TARGET = 12.1;
				MTL_ENABLE_DEBUG_INFO = INCLUDE_SOURCE;
				MTL_FAST_MATH = YES;
				ONLY_ACTIVE_ARCH = YES;
				SDKROOT = iphoneos;
				SWIFT_ACTIVE_COMPILATION_CONDITIONS = DEBUG;
				SWIFT_OPTIMIZATION_LEVEL = "-Onone";
			};
			name = Debug;
		};
		EE543F9421C8C466000C5EE3 /* Release */ = {
			isa = XCBuildConfiguration;
			buildSettings = {
				ALWAYS_SEARCH_USER_PATHS = NO;
				CLANG_ANALYZER_NONNULL = YES;
				CLANG_ANALYZER_NUMBER_OBJECT_CONVERSION = YES_AGGRESSIVE;
				CLANG_CXX_LANGUAGE_STANDARD = "gnu++14";
				CLANG_CXX_LIBRARY = "libc++";
				CLANG_ENABLE_MODULES = YES;
				CLANG_ENABLE_OBJC_ARC = YES;
				CLANG_ENABLE_OBJC_WEAK = YES;
				CLANG_WARN_BLOCK_CAPTURE_AUTORELEASING = YES;
				CLANG_WARN_BOOL_CONVERSION = YES;
				CLANG_WARN_COMMA = YES;
				CLANG_WARN_CONSTANT_CONVERSION = YES;
				CLANG_WARN_DEPRECATED_OBJC_IMPLEMENTATIONS = YES;
				CLANG_WARN_DIRECT_OBJC_ISA_USAGE = YES_ERROR;
				CLANG_WARN_DOCUMENTATION_COMMENTS = YES;
				CLANG_WARN_EMPTY_BODY = YES;
				CLANG_WARN_ENUM_CONVERSION = YES;
				CLANG_WARN_INFINITE_RECURSION = YES;
				CLANG_WARN_INT_CONVERSION = YES;
				CLANG_WARN_NON_LITERAL_NULL_CONVERSION = YES;
				CLANG_WARN_OBJC_IMPLICIT_RETAIN_SELF = YES;
				CLANG_WARN_OBJC_LITERAL_CONVERSION = YES;
				CLANG_WARN_OBJC_ROOT_CLASS = YES_ERROR;
				CLANG_WARN_RANGE_LOOP_ANALYSIS = YES;
				CLANG_WARN_STRICT_PROTOTYPES = YES;
				CLANG_WARN_SUSPICIOUS_MOVE = YES;
				CLANG_WARN_UNGUARDED_AVAILABILITY = YES_AGGRESSIVE;
				CLANG_WARN_UNREACHABLE_CODE = YES;
				CLANG_WARN__DUPLICATE_METHOD_MATCH = YES;
				CODE_SIGN_IDENTITY = "iPhone Developer";
				COPY_PHASE_STRIP = NO;
				DEBUG_INFORMATION_FORMAT = "dwarf-with-dsym";
				ENABLE_NS_ASSERTIONS = NO;
				ENABLE_STRICT_OBJC_MSGSEND = YES;
				GCC_C_LANGUAGE_STANDARD = gnu11;
				GCC_NO_COMMON_BLOCKS = YES;
				GCC_WARN_64_TO_32_BIT_CONVERSION = YES;
				GCC_WARN_ABOUT_RETURN_TYPE = YES_ERROR;
				GCC_WARN_UNDECLARED_SELECTOR = YES;
				GCC_WARN_UNINITIALIZED_AUTOS = YES_AGGRESSIVE;
				GCC_WARN_UNUSED_FUNCTION = YES;
				GCC_WARN_UNUSED_VARIABLE = YES;
				IPHONEOS_DEPLOYMENT_TARGET = 12.1;
				MTL_ENABLE_DEBUG_INFO = NO;
				MTL_FAST_MATH = YES;
				SDKROOT = iphoneos;
				SWIFT_COMPILATION_MODE = wholemodule;
				SWIFT_OPTIMIZATION_LEVEL = "-O";
				VALIDATE_PRODUCT = YES;
			};
			name = Release;
		};
		EE543F9621C8C466000C5EE3 /* Debug */ = {
			isa = XCBuildConfiguration;
			baseConfigurationReference = 9E154AE314F16F270AD209A2 /* Pods-DQSwiftMaster.debug.xcconfig */;
			buildSettings = {
				ASSETCATALOG_COMPILER_APPICON_NAME = AppIcon;
				CODE_SIGN_STYLE = Automatic;
				DEVELOPMENT_TEAM = 4XYJ7TUFP3;
				INFOPLIST_FILE = DQSwiftMaster/Info.plist;
				IPHONEOS_DEPLOYMENT_TARGET = 9.0;
				LD_RUNPATH_SEARCH_PATHS = (
					"$(inherited)",
					"@executable_path/Frameworks",
				);
				PRODUCT_BUNDLE_IDENTIFIER = com.deqing.DQSwiftMaster;
				PRODUCT_NAME = "$(TARGET_NAME)";
				SWIFT_VERSION = 4.2;
				TARGETED_DEVICE_FAMILY = "1,2";
			};
			name = Debug;
		};
		EE543F9721C8C466000C5EE3 /* Release */ = {
			isa = XCBuildConfiguration;
			baseConfigurationReference = 767BBF72946253D1150C7B6F /* Pods-DQSwiftMaster.release.xcconfig */;
			buildSettings = {
				ASSETCATALOG_COMPILER_APPICON_NAME = AppIcon;
				CODE_SIGN_STYLE = Automatic;
				DEVELOPMENT_TEAM = 4XYJ7TUFP3;
				INFOPLIST_FILE = DQSwiftMaster/Info.plist;
				IPHONEOS_DEPLOYMENT_TARGET = 9.0;
				LD_RUNPATH_SEARCH_PATHS = (
					"$(inherited)",
					"@executable_path/Frameworks",
				);
				PRODUCT_BUNDLE_IDENTIFIER = com.deqing.DQSwiftMaster;
				PRODUCT_NAME = "$(TARGET_NAME)";
				SWIFT_VERSION = 4.2;
				TARGETED_DEVICE_FAMILY = "1,2";
			};
			name = Release;
		};
		EE543FCC21C8CD5D000C5EE3 /* Debug */ = {
			isa = XCBuildConfiguration;
			buildSettings = {
				ASSETCATALOG_COMPILER_APPICON_NAME = AppIcon;
				CODE_SIGN_STYLE = Automatic;
				INFOPLIST_FILE = DesignPatterns/Info.plist;
				LD_RUNPATH_SEARCH_PATHS = (
					"$(inherited)",
					"@executable_path/Frameworks",
				);
				PRODUCT_BUNDLE_IDENTIFIER = com.deqing.DesignPatterns;
				PRODUCT_NAME = "$(TARGET_NAME)";
				SWIFT_VERSION = 4.2;
				TARGETED_DEVICE_FAMILY = "1,2";
			};
			name = Debug;
		};
		EE543FCD21C8CD5D000C5EE3 /* Release */ = {
			isa = XCBuildConfiguration;
			buildSettings = {
				ASSETCATALOG_COMPILER_APPICON_NAME = AppIcon;
				CODE_SIGN_STYLE = Automatic;
				INFOPLIST_FILE = DesignPatterns/Info.plist;
				LD_RUNPATH_SEARCH_PATHS = (
					"$(inherited)",
					"@executable_path/Frameworks",
				);
				PRODUCT_BUNDLE_IDENTIFIER = com.deqing.DesignPatterns;
				PRODUCT_NAME = "$(TARGET_NAME)";
				SWIFT_VERSION = 4.2;
				TARGETED_DEVICE_FAMILY = "1,2";
			};
			name = Release;
		};
		EE543FE221C8CDB3000C5EE3 /* Debug */ = {
			isa = XCBuildConfiguration;
			buildSettings = {
				ASSETCATALOG_COMPILER_APPICON_NAME = AppIcon;
				CODE_SIGN_STYLE = Automatic;
				INFOPLIST_FILE = DQModule/Info.plist;
				LD_RUNPATH_SEARCH_PATHS = (
					"$(inherited)",
					"@executable_path/Frameworks",
				);
				PRODUCT_BUNDLE_IDENTIFIER = com.deqing.DQModule;
				PRODUCT_NAME = "$(TARGET_NAME)";
				SWIFT_VERSION = 4.2;
				TARGETED_DEVICE_FAMILY = "1,2";
			};
			name = Debug;
		};
		EE543FE321C8CDB3000C5EE3 /* Release */ = {
			isa = XCBuildConfiguration;
			buildSettings = {
				ASSETCATALOG_COMPILER_APPICON_NAME = AppIcon;
				CODE_SIGN_STYLE = Automatic;
				INFOPLIST_FILE = DQModule/Info.plist;
				LD_RUNPATH_SEARCH_PATHS = (
					"$(inherited)",
					"@executable_path/Frameworks",
				);
				PRODUCT_BUNDLE_IDENTIFIER = com.deqing.DQModule;
				PRODUCT_NAME = "$(TARGET_NAME)";
				SWIFT_VERSION = 4.2;
				TARGETED_DEVICE_FAMILY = "1,2";
			};
			name = Release;
		};
/* End XCBuildConfiguration section */

/* Begin XCConfigurationList section */
		EE543F7E21C8C464000C5EE3 /* Build configuration list for PBXProject "DQSwiftMaster" */ = {
			isa = XCConfigurationList;
			buildConfigurations = (
				EE543F9321C8C466000C5EE3 /* Debug */,
				EE543F9421C8C466000C5EE3 /* Release */,
			);
			defaultConfigurationIsVisible = 0;
			defaultConfigurationName = Release;
		};
		EE543F9521C8C466000C5EE3 /* Build configuration list for PBXNativeTarget "DQSwiftMaster" */ = {
			isa = XCConfigurationList;
			buildConfigurations = (
				EE543F9621C8C466000C5EE3 /* Debug */,
				EE543F9721C8C466000C5EE3 /* Release */,
			);
			defaultConfigurationIsVisible = 0;
			defaultConfigurationName = Release;
		};
		EE543FCB21C8CD5D000C5EE3 /* Build configuration list for PBXNativeTarget "DesignPatterns" */ = {
			isa = XCConfigurationList;
			buildConfigurations = (
				EE543FCC21C8CD5D000C5EE3 /* Debug */,
				EE543FCD21C8CD5D000C5EE3 /* Release */,
			);
			defaultConfigurationIsVisible = 0;
			defaultConfigurationName = Release;
		};
		EE543FE121C8CDB3000C5EE3 /* Build configuration list for PBXNativeTarget "DQModule" */ = {
			isa = XCConfigurationList;
			buildConfigurations = (
				EE543FE221C8CDB3000C5EE3 /* Debug */,
				EE543FE321C8CDB3000C5EE3 /* Release */,
			);
			defaultConfigurationIsVisible = 0;
			defaultConfigurationName = Release;
		};
/* End XCConfigurationList section */
	};
	rootObject = EE543F7B21C8C464000C5EE3 /* Project object */;
}
